
Microsoft Visual Studio Solution File, Format Version 11.00
# Visual Studio 2010
Project("{2150E333-8FDC-42A3-9474-1A3956D46DE8}") = "Build Scripts", "Build Scripts", "{00AB974E-5F43-47C3-80A8-122DDB466ED3}"
	ProjectSection(SolutionItems) = preProject
		debug.build = debug.build
	EndProjectSection
EndProject
Project("{FAE04EC0-301F-11D3-BF4B-00C04F79EFBC}") = "SLAGGBot", "SLAGGBot\SLAGGBot.csproj", "{CD765311-4B1B-4854-B0DD-FBDE0CCA3E96}"
EndProject
Project("{FAE04EC0-301F-11D3-BF4B-00C04F79EFBC}") = "SLAGG.Plugin", "SLAGG.Plugin\SLAGG.Plugin.csproj", "{3ED7D475-D73F-41B5-93A2-F7B49463C549}"
EndProject
Project("{FAE04EC0-301F-11D3-BF4B-00C04F79EFBC}") = "SLAGG.Forums", "SLAGG.Forums\SLAGG.Forums.csproj", "{585272DA-C853-4339-BBC2-6D56236F03AE}"
EndProject
Project("{FAE04EC0-301F-11D3-BF4B-00C04F79EFBC}") = "SLAGG.Events", "SLAGG.Events\SLAGG.Events.csproj", "{CA840D69-3D69-4C10-81ED-2CFDD3466C27}"
EndProject
Project("{FAE04EC0-301F-11D3-BF4B-00C04F79EFBC}") = "SLAGG.TeamSpeak", "SLAGG.TeamSpeak\SLAGG.TeamSpeak.csproj", "{DDB79F75-8F77-4138-9252-1E643FFF5BBE}"
EndProject
Project("{FAE04EC0-301F-11D3-BF4B-00C04F79EFBC}") = "SLAGG.GameServers", "SLAGG.GameServers\SLAGG.GameServers.csproj", "{99A86F27-7100-4FB8-88B1-7946F29920E1}"
EndProject
Project("{FAE04EC0-301F-11D3-BF4B-00C04F79EFBC}") = "SLAGG.RSS", "SLAGG.RSS\SLAGG.RSS.csproj", "{61A93F44-DA67-4629-94D4-30AC68510BD8}"
EndProject
Project("{FAE04EC0-301F-11D3-BF4B-00C04F79EFBC}") = "SLAGG.Gablarski", "SLAGG.Gablarski\SLAGG.Gablarski.csproj", "{A533FE4B-7A00-4A40-A32F-4C70CC18C4D0}"
EndProject
Global
	GlobalSection(SolutionConfigurationPlatforms) = preSolution
		Debug|Any CPU = Debug|Any CPU
		Debug|x86 = Debug|x86
		Mono Debug|Any CPU = Mono Debug|Any CPU
		Mono Debug|x86 = Mono Debug|x86
		Release|Any CPU = Release|Any CPU
		Release|x86 = Release|x86
	EndGlobalSection
	GlobalSection(ProjectConfigurationPlatforms) = postSolution
		{CD765311-4B1B-4854-B0DD-FBDE0CCA3E96}.Debug|Any CPU.ActiveCfg = Debug|Any CPU
		{CD765311-4B1B-4854-B0DD-FBDE0CCA3E96}.Debug|Any CPU.Build.0 = Debug|Any CPU
		{CD765311-4B1B-4854-B0DD-FBDE0CCA3E96}.Debug|x86.ActiveCfg = Debug|Any CPU
		{CD765311-4B1B-4854-B0DD-FBDE0CCA3E96}.Mono Debug|Any CPU.ActiveCfg = Debug|Any CPU
		{CD765311-4B1B-4854-B0DD-FBDE0CCA3E96}.Mono Debug|Any CPU.Build.0 = Debug|Any CPU
		{CD765311-4B1B-4854-B0DD-FBDE0CCA3E96}.Mono Debug|x86.ActiveCfg = Debug|Any CPU
		{CD765311-4B1B-4854-B0DD-FBDE0CCA3E96}.Release|Any CPU.ActiveCfg = Release|Any CPU
		{CD765311-4B1B-4854-B0DD-FBDE0CCA3E96}.Release|Any CPU.Build.0 = Release|Any CPU
		{CD765311-4B1B-4854-B0DD-FBDE0CCA3E96}.Release|x86.ActiveCfg = Release|Any CPU
		{3ED7D475-D73F-41B5-93A2-F7B49463C549}.Debug|Any CPU.ActiveCfg = Debug|Any CPU
		{3ED7D475-D73F-41B5-93A2-F7B49463C549}.Debug|Any CPU.Build.0 = Debug|Any CPU
		{3ED7D475-D73F-41B5-93A2-F7B49463C549}.Debug|x86.ActiveCfg = Debug|Any CPU
		{3ED7D475-D73F-41B5-93A2-F7B49463C549}.Mono Debug|Any CPU.ActiveCfg = Debug|Any CPU
		{3ED7D475-D73F-41B5-93A2-F7B49463C549}.Mono Debug|Any CPU.Build.0 = Debug|Any CPU
		{3ED7D475-D73F-41B5-93A2-F7B49463C549}.Mono Debug|x86.ActiveCfg = Debug|Any CPU
		{3ED7D475-D73F-41B5-93A2-F7B49463C549}.Release|Any CPU.ActiveCfg = Release|Any CPU
		{3ED7D475-D73F-41B5-93A2-F7B49463C549}.Release|Any CPU.Build.0 = Release|Any CPU
		{3ED7D475-D73F-41B5-93A2-F7B49463C549}.Release|x86.ActiveCfg = Release|Any CPU
		{585272DA-C853-4339-BBC2-6D56236F03AE}.Debug|Any CPU.ActiveCfg = Debug|Any CPU
		{585272DA-C853-4339-BBC2-6D56236F03AE}.Debug|Any CPU.Build.0 = Debug|Any CPU
		{585272DA-C853-4339-BBC2-6D56236F03AE}.Debug|x86.ActiveCfg = Debug|Any CPU
		{585272DA-C853-4339-BBC2-6D56236F03AE}.Mono Debug|Any CPU.ActiveCfg = Debug|Any CPU
		{585272DA-C853-4339-BBC2-6D56236F03AE}.Mono Debug|Any CPU.Build.0 = Debug|Any CPU
		{585272DA-C853-4339-BBC2-6D56236F03AE}.Mono Debug|x86.ActiveCfg = Debug|Any CPU
		{585272DA-C853-4339-BBC2-6D56236F03AE}.Release|Any CPU.ActiveCfg = Release|Any CPU
		{585272DA-C853-4339-BBC2-6D56236F03AE}.Release|Any CPU.Build.0 = Release|Any CPU
		{585272DA-C853-4339-BBC2-6D56236F03AE}.Release|x86.ActiveCfg = Release|Any CPU
		{CA840D69-3D69-4C10-81ED-2CFDD3466C27}.Debug|Any CPU.ActiveCfg = Debug|Any CPU
		{CA840D69-3D69-4C10-81ED-2CFDD3466C27}.Debug|Any CPU.Build.0 = Debug|Any CPU
		{CA840D69-3D69-4C10-81ED-2CFDD3466C27}.Debug|x86.ActiveCfg = Debug|Any CPU
		{CA840D69-3D69-4C10-81ED-2CFDD3466C27}.Mono Debug|Any CPU.ActiveCfg = Debug|Any CPU
		{CA840D69-3D69-4C10-81ED-2CFDD3466C27}.Mono Debug|Any CPU.Build.0 = Debug|Any CPU
		{CA840D69-3D69-4C10-81ED-2CFDD3466C27}.Mono Debug|x86.ActiveCfg = Debug|Any CPU
		{CA840D69-3D69-4C10-81ED-2CFDD3466C27}.Release|Any CPU.ActiveCfg = Release|Any CPU
		{CA840D69-3D69-4C10-81ED-2CFDD3466C27}.Release|Any CPU.Build.0 = Release|Any CPU
		{CA840D69-3D69-4C10-81ED-2CFDD3466C27}.Release|x86.ActiveCfg = Release|Any CPU
		{DDB79F75-8F77-4138-9252-1E643FFF5BBE}.Debug|Any CPU.ActiveCfg = Debug|Any CPU
		{DDB79F75-8F77-4138-9252-1E643FFF5BBE}.Debug|Any CPU.Build.0 = Debug|Any CPU
		{DDB79F75-8F77-4138-9252-1E643FFF5BBE}.Debug|x86.ActiveCfg = Debug|Any CPU
		{DDB79F75-8F77-4138-9252-1E643FFF5BBE}.Mono Debug|Any CPU.ActiveCfg = Debug|Any CPU
		{DDB79F75-8F77-4138-9252-1E643FFF5BBE}.Mono Debug|Any CPU.Build.0 = Debug|Any CPU
		{DDB79F75-8F77-4138-9252-1E643FFF5BBE}.Mono Debug|x86.ActiveCfg = Debug|Any CPU
		{DDB79F75-8F77-4138-9252-1E643FFF5BBE}.Release|Any CPU.ActiveCfg = Release|Any CPU
		{DDB79F75-8F77-4138-9252-1E643FFF5BBE}.Release|Any CPU.Build.0 = Release|Any CPU
		{DDB79F75-8F77-4138-9252-1E643FFF5BBE}.Release|x86.ActiveCfg = Release|Any CPU
		{99A86F27-7100-4FB8-88B1-7946F29920E1}.Debug|Any CPU.ActiveCfg = Debug|Any CPU
		{99A86F27-7100-4FB8-88B1-7946F29920E1}.Debug|Any CPU.Build.0 = Debug|Any CPU
		{99A86F27-7100-4FB8-88B1-7946F29920E1}.Debug|x86.ActiveCfg = Debug|Any CPU
		{99A86F27-7100-4FB8-88B1-7946F29920E1}.Mono Debug|Any CPU.ActiveCfg = Debug|Any CPU
		{99A86F27-7100-4FB8-88B1-7946F29920E1}.Mono Debug|Any CPU.Build.0 = Debug|Any CPU
		{99A86F27-7100-4FB8-88B1-7946F29920E1}.Mono Debug|x86.ActiveCfg = Debug|Any CPU
		{99A86F27-7100-4FB8-88B1-7946F29920E1}.Release|Any CPU.ActiveCfg = Release|Any CPU
		{99A86F27-7100-4FB8-88B1-7946F29920E1}.Release|Any CPU.Build.0 = Release|Any CPU
		{99A86F27-7100-4FB8-88B1-7946F29920E1}.Release|x86.ActiveCfg = Release|Any CPU
		{61A93F44-DA67-4629-94D4-30AC68510BD8}.Debug|Any CPU.ActiveCfg = Debug|Any CPU
		{61A93F44-DA67-4629-94D4-30AC68510BD8}.Debug|Any CPU.Build.0 = Debug|Any CPU
		{61A93F44-DA67-4629-94D4-30AC68510BD8}.Debug|x86.ActiveCfg = Debug|Any CPU
		{61A93F44-DA67-4629-94D4-30AC68510BD8}.Mono Debug|Any CPU.ActiveCfg = Debug|Any CPU
		{61A93F44-DA67-4629-94D4-30AC68510BD8}.Mono Debug|Any CPU.Build.0 = Debug|Any CPU
		{61A93F44-DA67-4629-94D4-30AC68510BD8}.Mono Debug|x86.ActiveCfg = Debug|Any CPU
		{61A93F44-DA67-4629-94D4-30AC68510BD8}.Release|Any CPU.ActiveCfg = Release|Any CPU
		{61A93F44-DA67-4629-94D4-30AC68510BD8}.Release|Any CPU.Build.0 = Release|Any CPU
		{61A93F44-DA67-4629-94D4-30AC68510BD8}.Release|x86.ActiveCfg = Release|Any CPU
		{A533FE4B-7A00-4A40-A32F-4C70CC18C4D0}.Debug|Any CPU.ActiveCfg = Debug|Any CPU
		{A533FE4B-7A00-4A40-A32F-4C70CC18C4D0}.Debug|Any CPU.Build.0 = Debug|Any CPU
		{A533FE4B-7A00-4A40-A32F-4C70CC18C4D0}.Debug|x86.ActiveCfg = Debug|Any CPU
		{A533FE4B-7A00-4A40-A32F-4C70CC18C4D0}.Mono Debug|Any CPU.ActiveCfg = Debug|Any CPU
		{A533FE4B-7A00-4A40-A32F-4C70CC18C4D0}.Mono Debug|Any CPU.Build.0 = Debug|Any CPU
		{A533FE4B-7A00-4A40-A32F-4C70CC18C4D0}.Mono Debug|x86.ActiveCfg = Debug|Any CPU
		{A533FE4B-7A00-4A40-A32F-4C70CC18C4D0}.Release|Any CPU.ActiveCfg = Release|Any CPU
		{A533FE4B-7A00-4A40-A32F-4C70CC18C4D0}.Release|Any CPU.Build.0 = Release|Any CPU
		{A533FE4B-7A00-4A40-A32F-4C70CC18C4D0}.Release|x86.ActiveCfg = Release|Any CPU
	EndGlobalSection
	GlobalSection(SolutionProperties) = preSolution
		HideSolutionNode = FALSE
	EndGlobalSection
EndGlobal
